# THIS IS AN AUTOGENERATED FILE. DO NOT EDIT THIS FILE DIRECTLY.
# yarn lockfile v1


"@ckeditor/ckeditor5-clipboard@^27.0.0":
  version "27.0.0"
  resolved "https://registry.yarnpkg.com/@ckeditor/ckeditor5-clipboard/-/ckeditor5-clipboard-27.0.0.tgz#2bddd2d9a64384c46eabb4522863c437cfd67d7d"
  dependencies:
    "@ckeditor/ckeditor5-core" "^27.0.0"
    "@ckeditor/ckeditor5-engine" "^27.0.0"
    "@ckeditor/ckeditor5-utils" "^27.0.0"
    "@ckeditor/ckeditor5-widget" "^27.0.0"
    lodash-es "^4.17.11"

"@ckeditor/ckeditor5-core@>=12.2.1", "@ckeditor/ckeditor5-core@^27.0.0":
  version "27.0.0"
  resolved "https://registry.yarnpkg.com/@ckeditor/ckeditor5-core/-/ckeditor5-core-27.0.0.tgz#ccf77e4aa1e0117841dd5c9d7c30b950b7baefdd"
  dependencies:
    "@ckeditor/ckeditor5-engine" "^27.0.0"
    "@ckeditor/ckeditor5-ui" "^27.0.0"
    "@ckeditor/ckeditor5-utils" "^27.0.0"
    lodash-es "^4.17.15"

"@ckeditor/ckeditor5-editor-classic@>=12.1.3":
  version "27.0.0"
  resolved "https://registry.yarnpkg.com/@ckeditor/ckeditor5-editor-classic/-/ckeditor5-editor-classic-27.0.0.tgz#741752b04375cb1c7a49d47da20e6a867b65dc84"
  dependencies:
    ckeditor5 "^27.0.0"
    lodash-es "^4.17.15"

"@ckeditor/ckeditor5-engine@^27.0.0":
  version "27.0.0"
  resolved "https://registry.yarnpkg.com/@ckeditor/ckeditor5-engine/-/ckeditor5-engine-27.0.0.tgz#c325fc7636e866adc5ad98ba1b8823d488ab3633"
  dependencies:
    "@ckeditor/ckeditor5-utils" "^27.0.0"
    lodash-es "^4.17.15"

"@ckeditor/ckeditor5-enter@^27.0.0":
  version "27.0.0"
  resolved "https://registry.yarnpkg.com/@ckeditor/ckeditor5-enter/-/ckeditor5-enter-27.0.0.tgz#1386047e6663fbe64c264691e36998602d31824b"
  dependencies:
    "@ckeditor/ckeditor5-core" "^27.0.0"
    "@ckeditor/ckeditor5-engine" "^27.0.0"
    "@ckeditor/ckeditor5-utils" "^27.0.0"

"@ckeditor/ckeditor5-paragraph@^27.0.0":
  version "27.0.0"
  resolved "https://registry.yarnpkg.com/@ckeditor/ckeditor5-paragraph/-/ckeditor5-paragraph-27.0.0.tgz#ac9e9e623da07010b97a5baa8d0aa83638da2720"
  dependencies:
    "@ckeditor/ckeditor5-core" "^27.0.0"
    "@ckeditor/ckeditor5-ui" "^27.0.0"
    "@ckeditor/ckeditor5-utils" "^27.0.0"

"@ckeditor/ckeditor5-select-all@^27.0.0":
  version "27.0.0"
  resolved "https://registry.yarnpkg.com/@ckeditor/ckeditor5-select-all/-/ckeditor5-select-all-27.0.0.tgz#77b80ec7334359c1831e5ca633e971065aeb42e5"
  dependencies:
    "@ckeditor/ckeditor5-core" "^27.0.0"
    "@ckeditor/ckeditor5-ui" "^27.0.0"
    "@ckeditor/ckeditor5-utils" "^27.0.0"

"@ckeditor/ckeditor5-typing@^27.0.0":
  version "27.0.0"
  resolved "https://registry.yarnpkg.com/@ckeditor/ckeditor5-typing/-/ckeditor5-typing-27.0.0.tgz#9a493f98325d585b4bc8ff7e26c8ceeca12e29db"
  dependencies:
    "@ckeditor/ckeditor5-core" "^27.0.0"
    "@ckeditor/ckeditor5-engine" "^27.0.0"
    "@ckeditor/ckeditor5-utils" "^27.0.0"
    lodash-es "^4.17.15"

"@ckeditor/ckeditor5-ui@^27.0.0":
  version "27.0.0"
  resolved "https://registry.yarnpkg.com/@ckeditor/ckeditor5-ui/-/ckeditor5-ui-27.0.0.tgz#91ac9f4b3d77ba47f1dfd2a988ab7c1168451e6e"
  dependencies:
    "@ckeditor/ckeditor5-utils" "^27.0.0"
    ckeditor5 "^27.0.0"
    lodash-es "^4.17.15"

"@ckeditor/ckeditor5-undo@^27.0.0":
  version "27.0.0"
  resolved "https://registry.yarnpkg.com/@ckeditor/ckeditor5-undo/-/ckeditor5-undo-27.0.0.tgz#543294cfc4a9d08c465d8d647fafabc3b549575c"
  dependencies:
    "@ckeditor/ckeditor5-core" "^27.0.0"
    "@ckeditor/ckeditor5-engine" "^27.0.0"
    "@ckeditor/ckeditor5-ui" "^27.0.0"

"@ckeditor/ckeditor5-upload@>=11.1.1", "@ckeditor/ckeditor5-upload@^27.0.0":
  version "27.0.0"
  resolved "https://registry.yarnpkg.com/@ckeditor/ckeditor5-upload/-/ckeditor5-upload-27.0.0.tgz#f087441dd318c869fcd170e2548fe137224d4d13"
  dependencies:
    "@ckeditor/ckeditor5-core" "^27.0.0"
    "@ckeditor/ckeditor5-ui" "^27.0.0"
    "@ckeditor/ckeditor5-utils" "^27.0.0"

"@ckeditor/ckeditor5-utils@^27.0.0":
  version "27.0.0"
  resolved "https://registry.yarnpkg.com/@ckeditor/ckeditor5-utils/-/ckeditor5-utils-27.0.0.tgz#8ae78bdcc34e5676c778912565f505dcb657aa79"
  dependencies:
    lodash-es "^4.17.15"

"@ckeditor/ckeditor5-widget@^27.0.0":
  version "27.0.0"
  resolved "https://registry.yarnpkg.com/@ckeditor/ckeditor5-widget/-/ckeditor5-widget-27.0.0.tgz#7beda791e5bd64bb14ee9f321495ba1b508cafa2"
  dependencies:
    "@ckeditor/ckeditor5-core" "^27.0.0"
    "@ckeditor/ckeditor5-engine" "^27.0.0"
    "@ckeditor/ckeditor5-enter" "^27.0.0"
    "@ckeditor/ckeditor5-typing" "^27.0.0"
    "@ckeditor/ckeditor5-ui" "^27.0.0"
    "@ckeditor/ckeditor5-utils" "^27.0.0"
    lodash-es "^4.17.15"

ckeditor5@^27.0.0:
  version "27.0.0"
  resolved "https://registry.yarnpkg.com/ckeditor5/-/ckeditor5-27.0.0.tgz#ac4bec2987ce97d78f63aff416b5657906d91467"
  dependencies:
    "@ckeditor/ckeditor5-clipboard" "^27.0.0"
    "@ckeditor/ckeditor5-core" "^27.0.0"
    "@ckeditor/ckeditor5-engine" "^27.0.0"
    "@ckeditor/ckeditor5-enter" "^27.0.0"
    "@ckeditor/ckeditor5-paragraph" "^27.0.0"
    "@ckeditor/ckeditor5-select-all" "^27.0.0"
    "@ckeditor/ckeditor5-typing" "^27.0.0"
    "@ckeditor/ckeditor5-ui" "^27.0.0"
    "@ckeditor/ckeditor5-undo" "^27.0.0"
    "@ckeditor/ckeditor5-upload" "^27.0.0"
    "@ckeditor/ckeditor5-utils" "^27.0.0"
    "@ckeditor/ckeditor5-widget" "^27.0.0"

lodash-es@^4.17.11, lodash-es@^4.17.15:
  version "4.17.21"
  resolved "https://registry.yarnpkg.com/lodash-es/-/lodash-es-4.17.21.tgz#43e626c46e6591b7750beb2b50117390c609e3ee"
